{
  "name": "TouchWallet",
  "version": "0.0.2",
  "lockfileVersion": 1,
  "requires": true,
  "dependencies": {

    "asn1.js": {
      "version": "4.9.2",
      "resolved": "http://registry.npm.taobao.org/asn1.js/download/asn1.js-4.9.2.tgz",
      "integrity": "sha1-gRfvT37YfNj4kES1v/l6wkOhbJo=",
      "requires": {
        "bn.js": "4.11.8",
        "inherits": "2.0.3",
        "minimalistic-assert": "1.0.0"
      }
    },
    "base64-js": {
      "version": "1.2.1",
      "resolved": "http://registry.npm.taobao.org/base64-js/download/base64-js-1.2.1.tgz",
      "integrity": "sha1-qRlH2h9KUW6jjltOwOw3c2deCIY="
    },
    "bindings": {
      "version": "1.3.0",
      "resolved": "http://registry.npm.taobao.org/bindings/download/bindings-1.3.0.tgz",
      "integrity": "sha1-s0b27PapX1qBXFg5/HzbIlAvHtc="
    },
    "bip66": {
      "version": "1.1.5",
      "resolved": "http://registry.npm.taobao.org/bip66/download/bip66-1.1.5.tgz",
      "integrity": "sha1-AfqHSHhcpwlV1QESF9GzE5lpyiI=",
      "requires": {
        "safe-buffer": "5.1.1"
      }
    },
    "bn.js": {
      "version": "4.11.8",
      "resolved": "http://registry.npm.taobao.org/bn.js/download/bn.js-4.11.8.tgz",
      "integrity": "sha1-LN4J617jQfSEdGuwMJsyU7GxRC8="
    },
    "brorand": {
      "version": "1.1.0",
      "resolved": "http://registry.npm.taobao.org/brorand/download/brorand-1.1.0.tgz",
      "integrity": "sha1-EsJe/kCkXjwyPrhnWgoM5XsiNx8="
    },
    "browserify-aes": {
      "version": "1.1.1",
      "resolved": "http://registry.npm.taobao.org/browserify-aes/download/browserify-aes-1.1.1.tgz",
      "integrity": "sha1-OLerVe24Bv8tzaGn8WIHc6R3xJ8=",
      "requires": {
        "buffer-xor": "1.0.3",
        "cipher-base": "1.0.4",
        "create-hash": "1.1.3",
        "evp_bytestokey": "1.0.3",
        "inherits": "2.0.3",
        "safe-buffer": "5.1.1"
      }
    },
    "browserify-cipher": {
      "version": "1.0.0",
      "resolved": "http://registry.npm.taobao.org/browserify-cipher/download/browserify-cipher-1.0.0.tgz",
      "integrity": "sha1-mYgkSHS/XtTijalWZtzWasj8Njo=",
      "requires": {
        "browserify-aes": "1.1.1",
        "browserify-des": "1.0.0",
        "evp_bytestokey": "1.0.3"
      }
    },
    "browserify-des": {
      "version": "1.0.0",
      "resolved": "http://registry.npm.taobao.org/browserify-des/download/browserify-des-1.0.0.tgz",
      "integrity": "sha1-2qJ3cXRwki7S/hhZQRihdUOXId0=",
      "requires": {
        "cipher-base": "1.0.4",
        "des.js": "1.0.0",
        "inherits": "2.0.3"
      }
    },
    "browserify-rsa": {
      "version": "4.0.1",
      "resolved": "http://registry.npm.taobao.org/browserify-rsa/download/browserify-rsa-4.0.1.tgz",
      "integrity": "sha1-IeCr+vbyApzy+vsTNWenAdQTVSQ=",
      "requires": {
        "bn.js": "4.11.8",
        "randombytes": "2.0.6"
      }
    },
    "browserify-sign": {
      "version": "4.0.4",
      "resolved": "http://registry.npm.taobao.org/browserify-sign/download/browserify-sign-4.0.4.tgz",
      "integrity": "sha1-qk62jl17ZYuqa/alfmMMvXqT0pg=",
      "requires": {
        "bn.js": "4.11.8",
        "browserify-rsa": "4.0.1",
        "create-hash": "1.1.3",
        "create-hmac": "1.1.6",
        "elliptic": "6.4.0",
        "inherits": "2.0.3",
        "parse-asn1": "5.1.0"
      }
    },
    "buffer-xor": {
      "version": "1.0.3",
      "resolved": "http://registry.npm.taobao.org/buffer-xor/download/buffer-xor-1.0.3.tgz",
      "integrity": "sha1-JuYe0UIvtw3ULm42cp7VHYVf6Nk="
    },
    "cipher-base": {
      "version": "1.0.4",
      "resolved": "http://registry.npm.taobao.org/cipher-base/download/cipher-base-1.0.4.tgz",
      "integrity": "sha1-h2Dk7MJy9MNjUy+SbYdKriwTl94=",
      "requires": {
        "inherits": "2.0.3",
        "safe-buffer": "5.1.1"
      }
    },
    "create-ecdh": {
      "version": "4.0.0",
      "resolved": "http://registry.npm.taobao.org/create-ecdh/download/create-ecdh-4.0.0.tgz",
      "integrity": "sha1-iIxyNZbN92EvZJgjPuvXo1MBc30=",
      "requires": {
        "bn.js": "4.11.8",
        "elliptic": "6.4.0"
      }
    },
    "create-hash": {
      "version": "1.1.3",
      "resolved": "http://registry.npm.taobao.org/create-hash/download/create-hash-1.1.3.tgz",
      "integrity": "sha1-YGBCrIuSYnUPSDyt2rD1gZFy2P0=",
      "requires": {
        "cipher-base": "1.0.4",
        "inherits": "2.0.3",
        "ripemd160": "2.0.1",
        "sha.js": "2.4.10"
      }
    },
    "create-hmac": {
      "version": "1.1.6",
      "resolved": "http://registry.npm.taobao.org/create-hmac/download/create-hmac-1.1.6.tgz",
      "integrity": "sha1-rLniIaThe9sHbpBlfEK5PjcmzwY=",
      "requires": {
        "cipher-base": "1.0.4",
        "create-hash": "1.1.3",
        "inherits": "2.0.3",
        "ripemd160": "2.0.1",
        "safe-buffer": "5.1.1",
        "sha.js": "2.4.10"
      }
    },
    "des.js": {
      "version": "1.0.0",
      "resolved": "http://registry.npm.taobao.org/des.js/download/des.js-1.0.0.tgz",
      "integrity": "sha1-wHTS4qpqipoH29YfmhXCzYPsjsw=",
      "requires": {
        "inherits": "2.0.3",
        "minimalistic-assert": "1.0.0"
      }
    },
    "diffie-hellman": {
      "version": "5.0.2",
      "resolved": "http://registry.npm.taobao.org/diffie-hellman/download/diffie-hellman-5.0.2.tgz",
      "integrity": "sha1-tYNXOScM/ias9jIJn97SoH8gnl4=",
      "requires": {
        "bn.js": "4.11.8",
        "miller-rabin": "4.0.1",
        "randombytes": "2.0.6"
      }
    },
    "drbg.js": {
      "version": "1.0.1",
      "resolved": "http://registry.npm.taobao.org/drbg.js/download/drbg.js-1.0.1.tgz",
      "integrity": "sha1-Pja2xCs3BDgjzbwzLVjzHiRFSAs=",
      "requires": {
        "browserify-aes": "1.1.1",
        "create-hash": "1.1.3",
        "create-hmac": "1.1.6"
      }
    },
    "elliptic": {
      "version": "6.4.0",
      "resolved": "http://registry.npm.taobao.org/elliptic/download/elliptic-6.4.0.tgz",
      "integrity": "sha1-ysmvh2LIWDYYcAPI3+GT5eLq5d8=",
      "requires": {
        "bn.js": "4.11.8",
        "brorand": "1.1.0",
        "hash.js": "1.1.3",
        "hmac-drbg": "1.0.1",
        "inherits": "2.0.3",
        "minimalistic-assert": "1.0.0",
        "minimalistic-crypto-utils": "1.0.1"
      }
    },
    "ethereum-common": {
      "version": "0.0.18",
      "resolved": "http://registry.npm.taobao.org/ethereum-common/download/ethereum-common-0.0.18.tgz",
      "integrity": "sha1-L9w1dvIykDNYl26znaeDIT/5Uj8="
    },
    "ethereumjs-tx": {
      "version": "1.3.3",
      "resolved": "http://registry.npm.taobao.org/ethereumjs-tx/download/ethereumjs-tx-1.3.3.tgz",
      "integrity": "sha1-7OBR0+/b53GtKlGNYWMsoqt17Ls=",
      "requires": {
        "ethereum-common": "0.0.18",
        "ethereumjs-util": "5.1.3"
      }
    },
    "ethereumjs-util": {
      "version": "5.1.3",
      "resolved": "http://registry.npm.taobao.org/ethereumjs-util/download/ethereumjs-util-5.1.3.tgz",
      "integrity": "sha1-DB9u+x2pxbZyCmVpeFn8C+ZnLfA=",
      "requires": {
        "bn.js": "4.11.8",
        "create-hash": "1.1.3",
        "ethjs-util": "0.1.4",
        "keccak": "1.4.0",
        "rlp": "2.0.0",
        "safe-buffer": "5.1.1",
        "secp256k1": "3.5.0"
      },
      "dependencies": {
        "rlp": {
          "version": "2.0.0",
          "resolved": "http://registry.npm.taobao.org/rlp/download/rlp-2.0.0.tgz",
          "integrity": "sha1-nbOE/0uJqPYVY9kjldhiWxjzr7A="
        }
      }
    },
    "ethjs-util": {
      "version": "0.1.4",
      "resolved": "http://registry.npm.taobao.org/ethjs-util/download/ethjs-util-0.1.4.tgz",
      "integrity": "sha1-HItoeSV0RO9NPz+7rC3tEs2ZfZM=",
      "requires": {
        "is-hex-prefixed": "1.0.0",
        "strip-hex-prefix": "1.0.0"
      }
    },
    "evp_bytestokey": {
      "version": "1.0.3",
      "resolved": "http://registry.npm.taobao.org/evp_bytestokey/download/evp_bytestokey-1.0.3.tgz",
      "integrity": "sha1-f8vbGY3HGVlDLv4ThCaE4FJaywI=",
      "requires": {
        "md5.js": "1.3.4",
        "safe-buffer": "5.1.1"
      }
    },
    "hash-base": {
      "version": "2.0.2",
      "resolved": "http://registry.npm.taobao.org/hash-base/download/hash-base-2.0.2.tgz",
      "integrity": "sha1-ZuodhW206KVHDK32/OI65SRO8uE=",
      "requires": {
        "inherits": "2.0.3"
      }
    },
    "hash.js": {
      "version": "1.1.3",
      "resolved": "http://registry.npm.taobao.org/hash.js/download/hash.js-1.1.3.tgz",
      "integrity": "sha1-NA3tvmKQGHFRweodd3o0SJNd+EY=",
      "requires": {
        "inherits": "2.0.3",
        "minimalistic-assert": "1.0.0"
      }
    },
    "hmac-drbg": {
      "version": "1.0.1",
      "resolved": "http://registry.npm.taobao.org/hmac-drbg/download/hmac-drbg-1.0.1.tgz",
      "integrity": "sha1-0nRXAQJabHdabFRXk+1QL8DGSaE=",
      "requires": {
        "hash.js": "1.1.3",
        "minimalistic-assert": "1.0.0",
        "minimalistic-crypto-utils": "1.0.1"
      }
    },
    "ieee754": {
      "version": "1.1.8",
      "resolved": "http://registry.npm.taobao.org/ieee754/download/ieee754-1.1.8.tgz",
      "integrity": "sha1-vjPUCsEO8ZJnAfbwii2G+/0a0+Q="
    },
    "inherits": {
      "version": "2.0.3",
      "resolved": "http://registry.npm.taobao.org/inherits/download/inherits-2.0.3.tgz",
      "integrity": "sha1-Yzwsg+PaQqUC9SRmAiSA9CCCYd4="
    },
    "is-hex-prefixed": {
      "version": "1.0.0",
      "resolved": "http://registry.npm.taobao.org/is-hex-prefixed/download/is-hex-prefixed-1.0.0.tgz",
      "integrity": "sha1-fY035q135dEnFIkTxXPggtd39VQ="
    },
    "isarray": {
      "version": "1.0.0",
      "resolved": "http://registry.npm.taobao.org/isarray/download/isarray-1.0.0.tgz",
      "integrity": "sha1-u5NdSFgsuhaMBoNJV6VKPgcSTxE="
    },
    "keccak": {
      "version": "1.4.0",
      "resolved": "http://registry.npm.taobao.org/keccak/download/keccak-1.4.0.tgz",
      "integrity": "sha1-Vy+Kbb7o57OqQhVQ+eZAjKIYb4A=",
      "requires": {
        "bindings": "1.3.0",
        "inherits": "2.0.3",
        "nan": "2.8.0",
        "safe-buffer": "5.1.1"
      }
    },
    "md5.js": {
      "version": "1.3.4",
      "resolved": "http://registry.npm.taobao.org/md5.js/download/md5.js-1.3.4.tgz",
      "integrity": "sha1-6b296UogpawYsENA/Fdk1bCdkB0=",
      "requires": {
        "hash-base": "3.0.4",
        "inherits": "2.0.3"
      },
      "dependencies": {
        "hash-base": {
          "version": "3.0.4",
          "resolved": "http://registry.npm.taobao.org/hash-base/download/hash-base-3.0.4.tgz",
          "integrity": "sha1-X8hoaEfs1zSZQDMZprCj8/auSRg=",
          "requires": {
            "inherits": "2.0.3",
            "safe-buffer": "5.1.1"
          }
        }
      }
    },
    "miller-rabin": {
      "version": "4.0.1",
      "resolved": "http://registry.npm.taobao.org/miller-rabin/download/miller-rabin-4.0.1.tgz",
      "integrity": "sha1-8IA1HIZbDcViqEYpZtqlNUPHik0=",
      "requires": {
        "bn.js": "4.11.8",
        "brorand": "1.1.0"
      }
    },
    "minimalistic-assert": {
      "version": "1.0.0",
      "resolved": "http://registry.npm.taobao.org/minimalistic-assert/download/minimalistic-assert-1.0.0.tgz",
      "integrity": "sha1-cCvi3aazf0g2vLP121ZkG2Sh09M="
    },
    "minimalistic-crypto-utils": {
      "version": "1.0.1",
      "resolved": "http://registry.npm.taobao.org/minimalistic-crypto-utils/download/minimalistic-crypto-utils-1.0.1.tgz",
      "integrity": "sha1-9sAMHAsIIkblxNmd+4x8CDsrWCo="
    },
    "nan": {
      "version": "2.8.0",
      "resolved": "http://registry.npm.taobao.org/nan/download/nan-2.8.0.tgz",
      "integrity": "sha1-7XFfP+neArV6XmJS2QqWZ14fCFo="
    },
    "parse-asn1": {
      "version": "5.1.0",
      "resolved": "http://registry.npm.taobao.org/parse-asn1/download/parse-asn1-5.1.0.tgz",
      "integrity": "sha1-N8T5t+06tlx0gXtfJICTf7+XxxI=",
      "requires": {
        "asn1.js": "4.9.2",
        "browserify-aes": "1.1.1",
        "create-hash": "1.1.3",
        "evp_bytestokey": "1.0.3",
        "pbkdf2": "3.0.8"
      }
    },
    "pbkdf2": {
      "version": "3.0.8",
      "resolved": "http://registry.npm.taobao.org/pbkdf2/download/pbkdf2-3.0.8.tgz",
      "integrity": "sha1-L4q/FuvsyCJ3lF10irodeHYfYeI=",
      "requires": {
        "create-hmac": "1.1.6"
      }
    },
    "public-encrypt": {
      "version": "4.0.0",
      "resolved": "http://registry.npm.taobao.org/public-encrypt/download/public-encrypt-4.0.0.tgz",
      "integrity": "sha1-OfaZ86RlYN1eusvKaTyvfGXBjMY=",
      "requires": {
        "bn.js": "4.11.8",
        "browserify-rsa": "4.0.1",
        "create-hash": "1.1.3",
        "parse-asn1": "5.1.0",
        "randombytes": "2.0.6"
      }
    },
    "randombytes": {
      "version": "2.0.6",
      "resolved": "http://registry.npm.taobao.org/randombytes/download/randombytes-2.0.6.tgz",
      "integrity": "sha1-0wLFIpSFiISKjTAMkytEwkIx2oA=",
      "requires": {
        "safe-buffer": "5.1.1"
      }
    },
    "react-native-crypto": {
      "version": "2.1.2",
      "resolved": "http://registry.npm.taobao.org/react-native-crypto/download/react-native-crypto-2.1.2.tgz",
      "integrity": "sha1-z+aMrVHNH3OkICt6wWT5bBFEyyo=",
      "requires": {
        "browserify-cipher": "1.0.0",
        "browserify-sign": "4.0.4",
        "create-ecdh": "4.0.0",
        "create-hash": "1.1.3",
        "create-hmac": "1.1.6",
        "diffie-hellman": "5.0.2",
        "inherits": "2.0.3",
        "pbkdf2": "3.0.8",
        "public-encrypt": "4.0.0"
      }
    },
    "react-native-randombytes": {
      "version": "3.0.0",
      "resolved": "http://registry.npm.taobao.org/react-native-randombytes/download/react-native-randombytes-3.0.0.tgz",
      "integrity": "sha1-gydGTyJ6LELW7wE7dYawrUOFrmE=",
      "requires": {
        "buffer": "4.9.1",
        "sjcl": "1.0.7"
      },
      "dependencies": {
        "buffer": {
          "version": "4.9.1",
          "resolved": "http://registry.npm.taobao.org/buffer/download/buffer-4.9.1.tgz",
          "integrity": "sha1-bRu2AbB6TvztlwlBMgkwJ8lbwpg=",
          "requires": {
            "base64-js": "1.2.1",
            "ieee754": "1.1.8",
            "isarray": "1.0.0"
          }
        }
      }
    },
    "ripemd160": {
      "version": "2.0.1",
      "resolved": "http://registry.npm.taobao.org/ripemd160/download/ripemd160-2.0.1.tgz",
      "integrity": "sha1-D0WEKVxTo2KK9+bXmsohzlfRxuc=",
      "requires": {
        "hash-base": "2.0.2",
        "inherits": "2.0.3"
      }
    },
    "safe-buffer": {
      "version": "5.1.1",
      "resolved": "http://registry.npm.taobao.org/safe-buffer/download/safe-buffer-5.1.1.tgz",
      "integrity": "sha1-iTMSr2myEj3vcfV4iQAWce6yyFM="
    },
    "secp256k1": {
      "version": "3.5.0",
      "resolved": "http://registry.npm.taobao.org/secp256k1/download/secp256k1-3.5.0.tgz",
      "integrity": "sha1-Z307io4E4aX6OBoa5DfFQge3ONA=",
      "requires": {
        "bindings": "1.3.0",
        "bip66": "1.1.5",
        "bn.js": "4.11.8",
        "create-hash": "1.1.3",
        "drbg.js": "1.0.1",
        "elliptic": "6.4.0",
        "nan": "2.8.0",
        "safe-buffer": "5.1.1"
      }
    },
    "sha.js": {
      "version": "2.4.10",
      "resolved": "http://registry.npm.taobao.org/sha.js/download/sha.js-2.4.10.tgz",
      "integrity": "sha1-sf3lzX0RpWJmOKB8YEq5Cc+jH5s=",
      "requires": {
        "inherits": "2.0.3",
        "safe-buffer": "5.1.1"
      }
    },
    "sjcl": {
      "version": "1.0.7",
      "resolved": "http://registry.npm.taobao.org/sjcl/download/sjcl-1.0.7.tgz",
      "integrity": "sha1-MrNlpQ3Ju6JriLo8nfjqNCF9n0U="
    },
    "strip-hex-prefix": {
      "version": "1.0.0",
      "resolved": "http://registry.npm.taobao.org/strip-hex-prefix/download/strip-hex-prefix-1.0.0.tgz",
      "integrity": "sha1-DF8VX+8RUTczd96du1iNoFUA428=",
      "requires": {
        "is-hex-prefixed": "1.0.0"
      },
    "@yarnpkg/lockfile": {
      "version": "1.0.0",
      "resolved": "http://registry.npm.taobao.org/@yarnpkg/lockfile/download/@yarnpkg/lockfile-1.0.0.tgz",
      "integrity": "sha1-M9HbtlmiO4H4fwSHYrNaRGFyrdM=",
      "dev": true
    },
    "balanced-match": {
      "version": "1.0.0",
      "resolved": "http://registry.npm.taobao.org/balanced-match/download/balanced-match-1.0.0.tgz",
      "integrity": "sha1-ibTRmasr7kneFk6gK4nORi1xt2c=",
      "dev": true
    },
    "brace-expansion": {
      "version": "1.1.8",
      "resolved": "http://registry.npm.taobao.org/brace-expansion/download/brace-expansion-1.1.8.tgz",
      "integrity": "sha1-wHshHHyVLsH479Uad+8NHTmQopI=",
      "dev": true,
      "requires": {
        "balanced-match": "1.0.0",
        "concat-map": "0.0.1"
      }
    },
    "concat-map": {
      "version": "0.0.1",
      "resolved": "http://registry.npm.taobao.org/concat-map/download/concat-map-0.0.1.tgz",
      "integrity": "sha1-2Klr13/Wjfd5OnMDajug1UBdR3s=",
      "dev": true
    },
    "deep-equal": {
      "version": "1.0.1",
      "resolved": "http://registry.npm.taobao.org/deep-equal/download/deep-equal-1.0.1.tgz",
      "integrity": "sha1-9dJgKStmDghO/0zbyfCK0yR0SLU=",
      "dev": true
    },
    "findit": {
      "version": "2.0.0",
      "resolved": "http://registry.npm.taobao.org/findit/download/findit-2.0.0.tgz",
      "integrity": "sha1-ZQnwEmr0wXhVHPqZOU4DLhOk1W4=",
      "dev": true
    },
    "fs-extra": {
      "version": "0.22.1",
      "resolved": "http://registry.npm.taobao.org/fs-extra/download/fs-extra-0.22.1.tgz",
      "integrity": "sha1-X9b4BJ3JdsoZ6yNV1lgXPKvM4FY=",
      "dev": true,
      "requires": {
        "graceful-fs": "4.1.11",
        "jsonfile": "2.4.0",
        "rimraf": "2.6.2"
      }
    },
    "fs.realpath": {
      "version": "1.0.0",
      "resolved": "http://registry.npm.taobao.org/fs.realpath/download/fs.realpath-1.0.0.tgz",
      "integrity": "sha1-FQStJSMVjKpA20onh8sBQRmU6k8=",
      "dev": true
    },
    "glob": {
      "version": "7.1.2",
      "resolved": "http://registry.npm.taobao.org/glob/download/glob-7.1.2.tgz",
      "integrity": "sha1-wZyd+aAocC1nhhI4SmVSQExjbRU=",
      "dev": true,
      "requires": {
        "fs.realpath": "1.0.0",
        "inflight": "1.0.6",
        "inherits": "2.0.3",
        "minimatch": "3.0.4",
        "once": "1.4.0",
        "path-is-absolute": "1.0.1"
      }
    },
    "graceful-fs": {
      "version": "4.1.11",
      "resolved": "http://registry.npm.taobao.org/graceful-fs/download/graceful-fs-4.1.11.tgz",
      "integrity": "sha1-Dovf5NHduIVNZOBOp8AOKgJuVlg=",
      "dev": true
    },
    "inflight": {
      "version": "1.0.6",
      "resolved": "http://registry.npm.taobao.org/inflight/download/inflight-1.0.6.tgz",
      "integrity": "sha1-Sb1jMdfQLQwJvJEKEHW6gWW1bfk=",
      "dev": true,
      "requires": {
        "once": "1.4.0",
        "wrappy": "1.0.2"
      }
    },
    "inherits": {
      "version": "2.0.3",
      "resolved": "http://registry.npm.taobao.org/inherits/download/inherits-2.0.3.tgz",
      "integrity": "sha1-Yzwsg+PaQqUC9SRmAiSA9CCCYd4=",
      "dev": true
    },
    "isobject": {
      "version": "3.0.1",
      "resolved": "http://registry.npm.taobao.org/isobject/download/isobject-3.0.1.tgz",
      "integrity": "sha1-TkMekrEalzFjaqH5yNHMvP2reN8=",
      "dev": true
    },
    "jsonfile": {
      "version": "2.4.0",
      "resolved": "http://registry.npm.taobao.org/jsonfile/download/jsonfile-2.4.0.tgz",
      "integrity": "sha1-NzaitCi4e72gzIO1P6PWM6NcKug=",
      "dev": true,
      "requires": {
        "graceful-fs": "4.1.11"
      }
    },
    "minimatch": {
      "version": "3.0.4",
      "resolved": "http://registry.npm.taobao.org/minimatch/download/minimatch-3.0.4.tgz",
      "integrity": "sha1-UWbihkV/AzBgZL5Ul+jbsMPTIIM=",
      "dev": true,
      "requires": {
        "brace-expansion": "1.1.8"
      }
    },
    "minimist": {
      "version": "1.2.0",
      "resolved": "http://registry.npm.taobao.org/minimist/download/minimist-1.2.0.tgz",
      "integrity": "sha1-o1AIsg9BOD7sH7kU9M1d95omQoQ=",
      "dev": true
    },
    "object.pick": {
      "version": "1.3.0",
      "resolved": "http://registry.npm.taobao.org/object.pick/download/object.pick-1.3.0.tgz",
      "integrity": "sha1-h6EKxMFpS9Lhy/U1kaZhQftd10c=",
      "dev": true,
      "requires": {
        "isobject": "3.0.1"
      }
    },
    "once": {
      "version": "1.4.0",
      "resolved": "http://registry.npm.taobao.org/once/download/once-1.4.0.tgz",
      "integrity": "sha1-WDsap3WWHUsROsF9nFC6753Xa9E=",
      "dev": true,
      "requires": {
        "wrappy": "1.0.2"
      }
    },
    "path-is-absolute": {
      "version": "1.0.1",
      "resolved": "http://registry.npm.taobao.org/path-is-absolute/download/path-is-absolute-1.0.1.tgz",
      "integrity": "sha1-F0uSaHNVNP+8es5r9TpanhtcX18=",
      "dev": true
    },
    "rimraf": {
      "version": "2.6.2",
      "resolved": "http://registry.npm.taobao.org/rimraf/download/rimraf-2.6.2.tgz",
      "integrity": "sha1-LtgVDSShbqhlHm1u8PR8QVjOejY=",
      "dev": true,
      "requires": {
        "glob": "7.1.2"
      }
    },
    "rn-nodeify": {
      "version": "github:tradle/rn-nodeify#55885ec3132606c98ea823bc5224050980f41b14",
      "dev": true,
      "requires": {
        "@yarnpkg/lockfile": "1.0.0",
        "deep-equal": "1.0.1",
        "findit": "2.0.0",
        "fs-extra": "0.22.1",
        "minimist": "1.2.0",
        "object.pick": "1.3.0",
        "run-parallel": "1.1.6",
        "semver": "5.5.0",
        "xtend": "4.0.1"
      }
    },
    "run-parallel": {
      "version": "1.1.6",
      "resolved": "http://registry.npm.taobao.org/run-parallel/download/run-parallel-1.1.6.tgz",
      "integrity": "sha1-KQA8miFj4B4tLfyQV18sbB1hoDk=",
      "dev": true
    },
    "semver": {
      "version": "5.5.0",
      "resolved": "http://registry.npm.taobao.org/semver/download/semver-5.5.0.tgz",
      "integrity": "sha1-3Eu8emyp2Rbe5dQ1FvAJK1j3uKs=",
      "dev": true
    },
    "wrappy": {
      "version": "1.0.2",
      "resolved": "http://registry.npm.taobao.org/wrappy/download/wrappy-1.0.2.tgz",
      "integrity": "sha1-tSQ9jz7BqjXxNkYFvA0QNuMKtp8=",
      "dev": true
    },
    "xtend": {
      "version": "4.0.1",
      "resolved": "http://registry.npm.taobao.org/xtend/download/xtend-4.0.1.tgz",
      "integrity": "sha1-pcbVMr5lbiPbgg77lDofBJmNY68=",
      "dev": true

    }
  }
}
