{
  "name": "TouchWallet",
  "version": "0.0.2",
  "lockfileVersion": 1,
  "requires": true,
  "dependencies": {
    "react-native-pull": {
      "version": "2.0.2",
      "resolved": "http://registry.npm.taobao.org/react-native-pull/download/react-native-pull-2.0.2.tgz",
      "integrity": "sha1-FSZKc3vPVt69S6yqJwUlTZ7xs0U="
    },
    "react-native-pullview": {
      "version": "1.0.7",
      "resolved": "http://registry.npm.taobao.org/react-native-pullview/download/react-native-pullview-1.0.7.tgz",
      "integrity": "sha1-nizP6MkFAUlx8iwsruvedwpejW4="
    }
  }
}
